// !$*UTF8*$!
{
	archiveVersion = 1;
	classes = {
	};
	objectVersion = 56;
	objects = {

/* Begin PBXBuildFile section */
		6A0000000000000000000200 /* main.swift in Sources */ = {isa = PBXBuildFile; fileRef = 6A0000000000000000000100 /* main.swift */; };
		6A0000000000000000000201 /* AppDelegate.swift in Sources */ = {isa = PBXBuildFile; fileRef = 6A0000000000000000000101 /* AppDelegate.swift */; };
		6A0000000000000000000202 /* ClipboardItem.swift in Sources */ = {isa = PBXBuildFile; fileRef = 6A0000000000000000000102 /* ClipboardItem.swift */; };
		6A0000000000000000000203 /* ClipboardItem+Database.swift in Sources */ = {isa = PBXBuildFile; fileRef = 6A0000000000000000000103 /* ClipboardItem+Database.swift */; };
		6A0000000000000000000204 /* ClipboardService.swift in Sources */ = {isa = PBXBuildFile; fileRef = 6A0000000000000000000104 /* ClipboardService.swift */; };
		6A000000000000000000021B /* ClipboardSearchFilter.swift in Sources */ = {isa = PBXBuildFile; fileRef = 6A000000000000000000011A /* ClipboardSearchFilter.swift */; };
		6A0000000000000000000205 /* DatabaseService.swift in Sources */ = {isa = PBXBuildFile; fileRef = 6A0000000000000000000105 /* DatabaseService.swift */; };
		6A0000000000000000000206 /* HotkeyService.swift in Sources */ = {isa = PBXBuildFile; fileRef = 6A0000000000000000000106 /* HotkeyService.swift */; };
		6A0000000000000000000207 /* ExclusionService.swift in Sources */ = {isa = PBXBuildFile; fileRef = 6A0000000000000000000107 /* ExclusionService.swift */; };
		6A0000000000000000000208 /* WindowService.swift in Sources */ = {isa = PBXBuildFile; fileRef = 6A0000000000000000000108 /* WindowService.swift */; };
		6A0000000000000000000209 /* ClipboardViewModel.swift in Sources */ = {isa = PBXBuildFile; fileRef = 6A0000000000000000000109 /* ClipboardViewModel.swift */; };
		6A000000000000000000020A /* ContentView.swift in Sources */ = {isa = PBXBuildFile; fileRef = 6A000000000000000000010A /* ContentView.swift */; };
		6A000000000000000000020B /* ClipboardCardView.swift in Sources */ = {isa = PBXBuildFile; fileRef = 6A000000000000000000010B /* ClipboardCardView.swift */; };
		6A000000000000000000020C /* CardListView.swift in Sources */ = {isa = PBXBuildFile; fileRef = 6A000000000000000000010C /* CardListView.swift */; };
		6A000000000000000000020D /* MainWindowView.swift in Sources */ = {isa = PBXBuildFile; fileRef = 6A000000000000000000010D /* MainWindowView.swift */; };
		6A000000000000000000020E /* FilePreview.swift in Sources */ = {isa = PBXBuildFile; fileRef = 6A000000000000000000010E /* FilePreview.swift */; };
		6A000000000000000000020F /* TextPreview.swift in Sources */ = {isa = PBXBuildFile; fileRef = 6A000000000000000000010F /* TextPreview.swift */; };
		6A0000000000000000000210 /* ImagePreview.swift in Sources */ = {isa = PBXBuildFile; fileRef = 6A0000000000000000000110 /* ImagePreview.swift */; };
		6A0000000000000000000211 /* GRDB in Frameworks */ = {isa = PBXBuildFile; productRef = 6A0000000000000000000601 /* GRDB */; };
		6A0000000000000000000212 /* KeyboardShortcuts in Frameworks */ = {isa = PBXBuildFile; productRef = 6A0000000000000000000602 /* KeyboardShortcuts */; };
		6A0000000000000000000213 /* ClipboardServiceTests.swift in Sources */ = {isa = PBXBuildFile; fileRef = 6A0000000000000000000113 /* ClipboardServiceTests.swift */; };
		6A0000000000000000000214 /* ClipboardServiceWritebackTests.swift in Sources */ = {isa = PBXBuildFile; fileRef = 6A0000000000000000000114 /* ClipboardServiceWritebackTests.swift */; };
		6A0000000000000000000215 /* AppDelegateInteractionTests.swift in Sources */ = {isa = PBXBuildFile; fileRef = 6A0000000000000000000115 /* AppDelegateInteractionTests.swift */; };
		6A0000000000000000000216 /* DatabaseServiceTests.swift in Sources */ = {isa = PBXBuildFile; fileRef = 6A0000000000000000000116 /* DatabaseServiceTests.swift */; };
		6A0000000000000000000217 /* ClipboardViewModelInteractionTests.swift in Sources */ = {isa = PBXBuildFile; fileRef = 6A0000000000000000000117 /* ClipboardViewModelInteractionTests.swift */; };
		6A0000000000000000000218 /* ClipboardViewModelBatchTests.swift in Sources */ = {isa = PBXBuildFile; fileRef = 6A0000000000000000000118 /* ClipboardViewModelBatchTests.swift */; };
		6A0000000000000000000219 /* GRDB in Frameworks */ = {isa = PBXBuildFile; productRef = 6A0000000000000000000604 /* GRDB */; };
		6A000000000000000000021A /* Z_PasteApp.swift in Sources */ = {isa = PBXBuildFile; fileRef = 6A0000000000000000000119 /* Z_PasteApp.swift */; };
/* End PBXBuildFile section */

/* Begin PBXContainerItemProxy section */
		6A0000000000000000000700 /* PBXContainerItemProxy */ = {
			isa = PBXContainerItemProxy;
			containerPortal = 6A0000000000000000000002 /* Project object */;
			proxyType = 1;
			remoteGlobalIDString = 6A0000000000000000000400;
			remoteInfo = "Z-Paste";
		};
/* End PBXContainerItemProxy section */

/* Begin PBXFileReference section */
		6A0000000000000000000004 /* Z-Paste.app */ = {isa = PBXFileReference; explicitFileType = wrapper.application; includeInIndex = 0; path = "Z-Paste.app"; sourceTree = BUILT_PRODUCTS_DIR; };
		6A0000000000000000000005 /* Z-PasteTests.xctest */ = {isa = PBXFileReference; explicitFileType = wrapper.cfbundle; includeInIndex = 0; path = "Z-PasteTests.xctest"; sourceTree = BUILT_PRODUCTS_DIR; };
		6A0000000000000000000100 /* main.swift */ = {isa = PBXFileReference; lastKnownFileType = sourcecode.swift; path = main.swift; sourceTree = "<group>"; };
		6A0000000000000000000101 /* AppDelegate.swift */ = {isa = PBXFileReference; lastKnownFileType = sourcecode.swift; path = AppDelegate.swift; sourceTree = "<group>"; };
		6A0000000000000000000102 /* ClipboardItem.swift */ = {isa = PBXFileReference; lastKnownFileType = sourcecode.swift; path = ClipboardItem.swift; sourceTree = "<group>"; };
		6A0000000000000000000103 /* ClipboardItem+Database.swift */ = {isa = PBXFileReference; lastKnownFileType = sourcecode.swift; path = "ClipboardItem+Database.swift"; sourceTree = "<group>"; };
		6A0000000000000000000104 /* ClipboardService.swift */ = {isa = PBXFileReference; lastKnownFileType = sourcecode.swift; path = ClipboardService.swift; sourceTree = "<group>"; };
		6A0000000000000000000105 /* DatabaseService.swift */ = {isa = PBXFileReference; lastKnownFileType = sourcecode.swift; path = DatabaseService.swift; sourceTree = "<group>"; };
		6A0000000000000000000106 /* HotkeyService.swift */ = {isa = PBXFileReference; lastKnownFileType = sourcecode.swift; path = HotkeyService.swift; sourceTree = "<group>"; };
		6A0000000000000000000107 /* ExclusionService.swift */ = {isa = PBXFileReference; lastKnownFileType = sourcecode.swift; path = ExclusionService.swift; sourceTree = "<group>"; };
		6A0000000000000000000108 /* WindowService.swift */ = {isa = PBXFileReference; lastKnownFileType = sourcecode.swift; path = WindowService.swift; sourceTree = "<group>"; };
		6A0000000000000000000109 /* ClipboardViewModel.swift */ = {isa = PBXFileReference; lastKnownFileType = sourcecode.swift; path = ClipboardViewModel.swift; sourceTree = "<group>"; };
		6A000000000000000000010A /* ContentView.swift */ = {isa = PBXFileReference; lastKnownFileType = sourcecode.swift; path = ContentView.swift; sourceTree = "<group>"; };
		6A000000000000000000011A /* ClipboardSearchFilter.swift */ = {isa = PBXFileReference; lastKnownFileType = sourcecode.swift; path = ClipboardSearchFilter.swift; sourceTree = "<group>"; };
		6A000000000000000000010B /* ClipboardCardView.swift */ = {isa = PBXFileReference; lastKnownFileType = sourcecode.swift; path = ClipboardCardView.swift; sourceTree = "<group>"; };
		6A000000000000000000010C /* CardListView.swift */ = {isa = PBXFileReference; lastKnownFileType = sourcecode.swift; path = CardListView.swift; sourceTree = "<group>"; };
		6A000000000000000000010D /* MainWindowView.swift */ = {isa = PBXFileReference; lastKnownFileType = sourcecode.swift; path = MainWindowView.swift; sourceTree = "<group>"; };
		6A000000000000000000010E /* FilePreview.swift */ = {isa = PBXFileReference; lastKnownFileType = sourcecode.swift; path = FilePreview.swift; sourceTree = "<group>"; };
		6A000000000000000000010F /* TextPreview.swift */ = {isa = PBXFileReference; lastKnownFileType = sourcecode.swift; path = TextPreview.swift; sourceTree = "<group>"; };
		6A0000000000000000000110 /* ImagePreview.swift */ = {isa = PBXFileReference; lastKnownFileType = sourcecode.swift; path = ImagePreview.swift; sourceTree = "<group>"; };
		6A0000000000000000000111 /* Info.plist */ = {isa = PBXFileReference; lastKnownFileType = text.plist.xml; path = Info.plist; sourceTree = "<group>"; };
		6A0000000000000000000112 /* Z-Paste.entitlements */ = {isa = PBXFileReference; lastKnownFileType = text.plist.entitlements; path = "Z-Paste.entitlements"; sourceTree = "<group>"; };
		6A0000000000000000000113 /* ClipboardServiceTests.swift */ = {isa = PBXFileReference; lastKnownFileType = sourcecode.swift; path = ClipboardServiceTests.swift; sourceTree = "<group>"; };
		6A0000000000000000000114 /* ClipboardServiceWritebackTests.swift */ = {isa = PBXFileReference; lastKnownFileType = sourcecode.swift; path = ClipboardServiceWritebackTests.swift; sourceTree = "<group>"; };
		6A0000000000000000000115 /* AppDelegateInteractionTests.swift */ = {isa = PBXFileReference; lastKnownFileType = sourcecode.swift; path = AppDelegateInteractionTests.swift; sourceTree = "<group>"; };
		6A0000000000000000000116 /* DatabaseServiceTests.swift */ = {isa = PBXFileReference; lastKnownFileType = sourcecode.swift; path = DatabaseServiceTests.swift; sourceTree = "<group>"; };
		6A0000000000000000000117 /* ClipboardViewModelInteractionTests.swift */ = {isa = PBXFileReference; lastKnownFileType = sourcecode.swift; path = ClipboardViewModelInteractionTests.swift; sourceTree = "<group>"; };
		6A0000000000000000000118 /* ClipboardViewModelBatchTests.swift */ = {isa = PBXFileReference; lastKnownFileType = sourcecode.swift; path = ClipboardViewModelBatchTests.swift; sourceTree = "<group>"; };
		6A0000000000000000000119 /* Z_PasteApp.swift */ = {isa = PBXFileReference; lastKnownFileType = sourcecode.swift; path = Z_PasteApp.swift; sourceTree = "<group>"; };
/* End PBXFileReference section */

/* Begin PBXFrameworksBuildPhase section */
		6A0000000000000000000301 /* Frameworks */ = {
			isa = PBXFrameworksBuildPhase;
			buildActionMask = 2147483647;
			files = (
				6A0000000000000000000211 /* GRDB in Frameworks */,
				6A0000000000000000000212 /* KeyboardShortcuts in Frameworks */,
			);
			runOnlyForDeploymentPostprocessing = 0;
		};
		6A0000000000000000000304 /* Frameworks */ = {
			isa = PBXFrameworksBuildPhase;
			buildActionMask = 2147483647;
			files = (
				6A0000000000000000000219 /* GRDB in Frameworks */,
			);
			runOnlyForDeploymentPostprocessing = 0;
		};
/* End PBXFrameworksBuildPhase section */

/* Begin PBXGroup section */
		6A0000000000000000000001 = {
			isa = PBXGroup;
			children = (
				6A0000000000000000000010 /* Z-Paste */,
				6A0000000000000000000019 /* Tests */,
				6A0000000000000000000003 /* Products */,
			);
			sourceTree = "<group>";
		};
		6A0000000000000000000003 /* Products */ = {
			isa = PBXGroup;
			children = (
				6A0000000000000000000004 /* Z-Paste.app */,
				6A0000000000000000000005 /* Z-PasteTests.xctest */,
			);
			name = Products;
			sourceTree = "<group>";
		};
		6A0000000000000000000010 /* Z-Paste */ = {
			isa = PBXGroup;
			children = (
				6A0000000000000000000011 /* App */,
				6A0000000000000000000012 /* Models */,
				6A0000000000000000000013 /* Services */,
				6A0000000000000000000014 /* ViewModels */,
				6A0000000000000000000015 /* Views */,
				6A0000000000000000000018 /* Supporting Files */,
			);
			path = "Z-Paste";
			sourceTree = "<group>";
		};
		6A0000000000000000000011 /* App */ = {
			isa = PBXGroup;
			children = (
				6A0000000000000000000119 /* Z_PasteApp.swift */,
				6A0000000000000000000101 /* AppDelegate.swift */,
			);
			path = App;
			sourceTree = "<group>";
		};
		6A0000000000000000000012 /* Models */ = {
			isa = PBXGroup;
			children = (
				6A0000000000000000000102 /* ClipboardItem.swift */,
				6A0000000000000000000103 /* ClipboardItem+Database.swift */,
				6A000000000000000000011A /* ClipboardSearchFilter.swift */,
			);
			path = Models;
			sourceTree = "<group>";
		};
		6A0000000000000000000013 /* Services */ = {
			isa = PBXGroup;
			children = (
				6A0000000000000000000104 /* ClipboardService.swift */,
				6A0000000000000000000105 /* DatabaseService.swift */,
				6A0000000000000000000106 /* HotkeyService.swift */,
				6A0000000000000000000107 /* ExclusionService.swift */,
				6A0000000000000000000108 /* WindowService.swift */,
			);
			path = Services;
			sourceTree = "<group>";
		};
		6A0000000000000000000014 /* ViewModels */ = {
			isa = PBXGroup;
			children = (
				6A0000000000000000000109 /* ClipboardViewModel.swift */,
			);
			path = ViewModels;
			sourceTree = "<group>";
		};
		6A0000000000000000000015 /* Views */ = {
			isa = PBXGroup;
			children = (
				6A000000000000000000010A /* ContentView.swift */,
				6A0000000000000000000016 /* MainWindow */,
			);
			path = Views;
			sourceTree = "<group>";
		};
		6A0000000000000000000016 /* MainWindow */ = {
			isa = PBXGroup;
			children = (
				6A000000000000000000010B /* ClipboardCardView.swift */,
				6A000000000000000000010C /* CardListView.swift */,
				6A000000000000000000010D /* MainWindowView.swift */,
				6A0000000000000000000017 /* Previews */,
			);
			path = MainWindow;
			sourceTree = "<group>";
		};
		6A0000000000000000000017 /* Previews */ = {
			isa = PBXGroup;
			children = (
				6A000000000000000000010E /* FilePreview.swift */,
				6A000000000000000000010F /* TextPreview.swift */,
				6A0000000000000000000110 /* ImagePreview.swift */,
			);
			path = Previews;
			sourceTree = "<group>";
		};
		6A0000000000000000000018 /* Supporting Files */ = {
			isa = PBXGroup;
			children = (
				6A0000000000000000000111 /* Info.plist */,
				6A0000000000000000000112 /* Z-Paste.entitlements */,
			);
			name = "Supporting Files";
			sourceTree = "<group>";
		};
		6A0000000000000000000019 /* Tests */ = {
			isa = PBXGroup;
			children = (
				6A000000000000000000001A /* Z-PasteTests */,
			);
			path = Tests;
			sourceTree = "<group>";
		};
		6A000000000000000000001A /* Z-PasteTests */ = {
			isa = PBXGroup;
			children = (
				6A0000000000000000000115 /* AppDelegateInteractionTests.swift */,
				6A0000000000000000000113 /* ClipboardServiceTests.swift */,
				6A0000000000000000000114 /* ClipboardServiceWritebackTests.swift */,
				6A0000000000000000000118 /* ClipboardViewModelBatchTests.swift */,
				6A0000000000000000000117 /* ClipboardViewModelInteractionTests.swift */,
				6A0000000000000000000116 /* DatabaseServiceTests.swift */,
			);
			path = "Z-PasteTests";
			sourceTree = "<group>";
		};
/* End PBXGroup section */

/* Begin PBXNativeTarget section */
		6A0000000000000000000400 /* Z-Paste */ = {
			isa = PBXNativeTarget;
			buildConfigurationList = 6A0000000000000000000511 /* Build configuration list for PBXNativeTarget "Z-Paste" */;
			buildPhases = (
				6A0000000000000000000300 /* Sources */,
				6A0000000000000000000301 /* Frameworks */,
				6A0000000000000000000302 /* Resources */,
			);
			buildRules = (
			);
			dependencies = (
			);
			name = "Z-Paste";
			packageProductDependencies = (
				6A0000000000000000000601 /* GRDB */,
				6A0000000000000000000602 /* KeyboardShortcuts */,
			);
			productName = "Z-Paste";
			productReference = 6A0000000000000000000004 /* Z-Paste.app */;
			productType = "com.apple.product-type.application";
		};
		6A0000000000000000000401 /* Z-PasteTests */ = {
			isa = PBXNativeTarget;
			buildConfigurationList = 6A0000000000000000000512 /* Build configuration list for PBXNativeTarget "Z-PasteTests" */;
			buildPhases = (
				6A0000000000000000000303 /* Sources */,
				6A0000000000000000000304 /* Frameworks */,
				6A0000000000000000000305 /* Resources */,
			);
			buildRules = (
			);
			dependencies = (
				6A0000000000000000000701 /* PBXTargetDependency */,
			);
			name = "Z-PasteTests";
			packageProductDependencies = (
				6A0000000000000000000604 /* GRDB */,
			);
			productName = "Z-PasteTests";
			productReference = 6A0000000000000000000005 /* Z-PasteTests.xctest */;
			productType = "com.apple.product-type.bundle.unit-test";
		};
/* End PBXNativeTarget section */

/* Begin PBXProject section */
		6A0000000000000000000002 /* Project object */ = {
			isa = PBXProject;
			attributes = {
				BuildIndependentTargetsInParallel = 1;
				LastSwiftUpdateCheck = 1500;
				LastUpgradeCheck = 1500;
				TargetAttributes = {
					6A0000000000000000000400 = {
						CreatedOnToolsVersion = 15.0;
						TestTargetID = 6A0000000000000000000401;
					};
					6A0000000000000000000401 = {
						CreatedOnToolsVersion = 15.0;
					};
				};
			};
			buildConfigurationList = 6A0000000000000000000510 /* Build configuration list for PBXProject "Z-Paste" */;
			compatibilityVersion = "Xcode 14.0";
			developmentRegion = en;
			hasScannedForEncodings = 0;
			knownRegions = (
				en,
				Base,
			);
			mainGroup = 6A0000000000000000000001;
			packageReferences = (
				6A0000000000000000000600 /* XCRemoteSwiftPackageReference "GRDB.swift" */,
				6A0000000000000000000603 /* XCRemoteSwiftPackageReference "KeyboardShortcuts" */,
			);
			productRefGroup = 6A0000000000000000000003 /* Products */;
			projectDirPath = "";
			projectRoot = "";
			targets = (
				6A0000000000000000000400 /* Z-Paste */,
				6A0000000000000000000401 /* Z-PasteTests */,
			);
		};
/* End PBXProject section */

/* Begin PBXResourcesBuildPhase section */
		6A0000000000000000000302 /* Resources */ = {
			isa = PBXResourcesBuildPhase;
			buildActionMask = 2147483647;
			files = (
			);
			runOnlyForDeploymentPostprocessing = 0;
		};
		6A0000000000000000000305 /* Resources */ = {
			isa = PBXResourcesBuildPhase;
			buildActionMask = 2147483647;
			files = (
			);
			runOnlyForDeploymentPostprocessing = 0;
		};
/* End PBXResourcesBuildPhase section */

/* Begin PBXSourcesBuildPhase section */
		6A0000000000000000000300 /* Sources */ = {
			isa = PBXSourcesBuildPhase;
			buildActionMask = 2147483647;
			files = (
				6A000000000000000000021A /* Z_PasteApp.swift in Sources */,
				6A0000000000000000000201 /* AppDelegate.swift in Sources */,
				6A0000000000000000000207 /* ExclusionService.swift in Sources */,
				6A000000000000000000020B /* ClipboardCardView.swift in Sources */,
				6A0000000000000000000202 /* ClipboardItem.swift in Sources */,
				6A0000000000000000000203 /* ClipboardItem+Database.swift in Sources */,
				6A000000000000000000021B /* ClipboardSearchFilter.swift in Sources */,
				6A0000000000000000000204 /* ClipboardService.swift in Sources */,
				6A000000000000000000020A /* ContentView.swift in Sources */,
				6A0000000000000000000205 /* DatabaseService.swift in Sources */,
				6A000000000000000000020E /* FilePreview.swift in Sources */,
				6A0000000000000000000206 /* HotkeyService.swift in Sources */,
				6A0000000000000000000210 /* ImagePreview.swift in Sources */,
				6A000000000000000000020C /* CardListView.swift in Sources */,
				6A000000000000000000020D /* MainWindowView.swift in Sources */,
				6A000000000000000000020F /* TextPreview.swift in Sources */,
				6A0000000000000000000209 /* ClipboardViewModel.swift in Sources */,
				6A0000000000000000000208 /* WindowService.swift in Sources */,
			);
			runOnlyForDeploymentPostprocessing = 0;
		};
		6A0000000000000000000303 /* Sources */ = {
			isa = PBXSourcesBuildPhase;
			buildActionMask = 2147483647;
			files = (
				6A0000000000000000000215 /* AppDelegateInteractionTests.swift in Sources */,
				6A0000000000000000000213 /* ClipboardServiceTests.swift in Sources */,
				6A0000000000000000000214 /* ClipboardServiceWritebackTests.swift in Sources */,
				6A0000000000000000000218 /* ClipboardViewModelBatchTests.swift in Sources */,
				6A0000000000000000000217 /* ClipboardViewModelInteractionTests.swift in Sources */,
				6A0000000000000000000216 /* DatabaseServiceTests.swift in Sources */,
			);
			runOnlyForDeploymentPostprocessing = 0;
		};
/* End PBXSourcesBuildPhase section */

/* Begin PBXTargetDependency section */
		6A0000000000000000000701 /* PBXTargetDependency */ = {
			isa = PBXTargetDependency;
			name = "Z-Paste";
			targetProxy = 6A0000000000000000000700 /* PBXContainerItemProxy */;
		};
/* End PBXTargetDependency section */

/* Begin XCBuildConfiguration section */
		6A0000000000000000000500 /* Debug */ = {
			isa = XCBuildConfiguration;
			buildSettings = {
				ALWAYS_SEARCH_USER_PATHS = NO;
				ASSETCATALOG_COMPILER_GENERATE_SWIFT_ASSET_SYMBOL_EXTENSIONS = YES;
				CLANG_ANALYZER_NONNULL = YES;
				CLANG_ANALYZER_NUMBER_OBJECT_CONVERSION = YES_AGGRESSIVE;
				CLANG_CXX_LANGUAGE_STANDARD = "gnu++20";
				CLANG_ENABLE_MODULES = YES;
				CLANG_ENABLE_OBJC_ARC = YES;
				CLANG_ENABLE_OBJC_WEAK = YES;
				CLANG_WARN_BLOCK_CAPTURE_AUTORELEASING = YES;
				CLANG_WARN_BOOL_CONVERSION = YES;
				CLANG_WARN_COMMA = YES;
				CLANG_WARN_CONSTANT_CONVERSION = YES;
				CLANG_WARN_DEPRECATED_OBJC_IMPLEMENTATIONS = YES;
				CLANG_WARN_DIRECT_OBJC_ISA_USAGE = YES_ERROR;
				CLANG_WARN_DOCUMENTATION_COMMENTS = YES;
				CLANG_WARN_EMPTY_BODY = YES;
				CLANG_WARN_ENUM_CONVERSION = YES;
				CLANG_WARN_INFINITE_RECURSION = YES;
				CLANG_WARN_INT_CONVERSION = YES;
				CLANG_WARN_NONPROTOTYPED_OBJC_METHOD_RETURN = YES;
				CLANG_WARN_OBJC_IMPLICIT_RETAIN_SELF = YES;
				CLANG_WARN_OBJC_LITERAL_CONVERSION = YES;
				CLANG_WARN_OBJC_ROOT_CLASS = YES_ERROR;
				CLANG_WARN_QUOTED_INCLUDE_IN_FRAMEWORK_HEADER = YES;
				CLANG_WARN_RANGE_LOOP_ANALYSIS = YES;
				CLANG_WARN_STRICT_PROTOTOTYPES = YES;
				CLANG_WARN_SUSPICIOUS_MOVE = YES;
				CLANG_WARN_UNGUARDED_AVAILABILITY = YES_AGGRESSIVE;
				CLANG_WARN_UNREACHABLE_CODE = YES;
				CLANG_WARN__DUPLICATE_METHOD_MATCH = YES;
				COPY_PHASE_STRIP = NO;
				DEBUG_INFORMATION_FORMAT = dwarf;
				ENABLE_STRICT_OBJC_MSGSEND = YES;
				ENABLE_TESTABILITY = YES;
				ENABLE_USER_SCRIPT_SANDBOXING = YES;
				GCC_C_LANGUAGE_STANDARD = gnu17;
				GCC_DYNAMIC_NO_PIC = NO;
				GCC_NO_COMMON_BLOCKS = YES;
				GCC_OPTIMIZATION_LEVEL = 0;
				GCC_PREPROCESSOR_DEFINITIONS = (
					"DEBUG=1",
					"$(inherited)",
				);
				GCC_WARN_64_TO_32_BIT_CONVERSION = YES;
				GCC_WARN_ABOUT_RETURN_TYPE = YES_ERROR;
				GCC_WARN_UNDECLARED_SELECTOR = YES;
				GCC_WARN_UNINITIALIZED_AUTOS = YES_AGGRESSIVE;
				GCC_WARN_UNUSED_FUNCTION = YES;
				GCC_WARN_UNUSED_VARIABLE = YES;
				LOCALIZATION_PREFERS_STRING_CATALOGS = YES;
				MACOSX_DEPLOYMENT_TARGET = 13.0;
				MTL_ENABLE_DEBUG_INFO = INCLUDE_SOURCE;
				MTL_FAST_MATH = YES;
				ONLY_ACTIVE_ARCH = YES;
				SDKROOT = macosx;
				SWIFT_ACTIVE_COMPILATION_CONDITIONS = "DEBUG $(inherited)";
				SWIFT_OPTIMIZATION_LEVEL = "-Onone";
				SWIFT_VERSION = 5.0;
			};
			name = Debug;
		};
		6A0000000000000000000501 /* Release */ = {
			isa = XCBuildConfiguration;
			buildSettings = {
				ALWAYS_SEARCH_USER_PATHS = NO;
				ASSETCATALOG_COMPILER_GENERATE_SWIFT_ASSET_SYMBOL_EXTENSIONS = YES;
				CLANG_ANALYZER_NONNULL = YES;
				CLANG_ANALYZER_NUMBER_OBJECT_CONVERSION = YES_AGGRESSIVE;
				CLANG_CXX_LANGUAGE_STANDARD = "gnu++20";
				CLANG_ENABLE_MODULES = YES;
				CLANG_ENABLE_OBJC_ARC = YES;
				CLANG_ENABLE_OBJC_WEAK = YES;
				CLANG_WARN_BLOCK_CAPTURE_AUTORELEASING = YES;
				CLANG_WARN_BOOL_CONVERSION = YES;
				CLANG_WARN_COMMA = YES;
				CLANG_WARN_CONSTANT_CONVERSION = YES;
				CLANG_WARN_DEPRECATED_OBJC_IMPLEMENTATIONS = YES;
				CLANG_WARN_DIRECT_OBJC_ISA_USAGE = YES_ERROR;
				CLANG_WARN_DOCUMENTATION_COMMENTS = YES;
				CLANG_WARN_EMPTY_BODY = YES;
				CLANG_WARN_ENUM_CONVERSION = YES;
				CLANG_WARN_INFINITE_RECURSION = YES;
				CLANG_WARN_INT_CONVERSION = YES;
				CLANG_WARN_NONPROTOTYPED_OBJC_METHOD_RETURN = YES;
				CLANG_WARN_OBJC_ROOT_CLASS = YES_ERROR;
				CLANG_WARN_QUOTED_INCLUDE_IN_FRAMEWORK_HEADER = YES;
				CLANG_WARN_RANGE_LOOP_ANALYSIS = YES;
				CLANG_WARN_STRICT_PROTOTOTYPES = YES;
				CLANG_WARN_SUSPICIOUS_MOVE = YES;
				CLANG_WARN_UNGUARDED_AVAILABILITY = YES_AGGRESSIVE;
				CLANG_WARN_UNREACHABLE_CODE = YES;
				CLANG_WARN__DUPLICATE_METHOD_MATCH = YES;
				COPY_PHASE_STRIP = NO;
				DEBUG_INFORMATION_FORMAT = "dwarf-with-dsym";
				ENABLE_NS_ASSERTIONS = NO;
				ENABLE_STRICT_OBJC_MSGSEND = YES;
				ENABLE_USER_SCRIPT_SANDBOXING = YES;
				GCC_C_LANGUAGE_STANDARD = gnu17;
				GCC_NO_COMMON_BLOCKS = YES;
				GCC_WARN_64_TO_32_BIT_CONVERSION = YES;
				GCC_WARN_ABOUT_RETURN_TYPE = YES_ERROR;
				GCC_WARN_UNDECLARED_SELECTOR = YES;
				GCC_WARN_UNINITIALIZED_AUTOS = YES_AGGRESSIVE;
				GCC_WARN_UNUSED_FUNCTION = YES;
				GCC_WARN_UNUSED_VARIABLE = YES;
				LOCALIZATION_PREFERS_STRING_CATALOGS = YES;
				MACOSX_DEPLOYMENT_TARGET = 13.0;
				MTL_ENABLE_DEBUG_INFO = NO;
				MTL_FAST_MATH = YES;
				SDKROOT = macosx;
				SWIFT_COMPILATION_MODE = wholemodule;
				SWIFT_OPTIMIZATION_LEVEL = "-O";
				SWIFT_VERSION = 5.0;
			};
			name = Release;
		};
		6A0000000000000000000502 /* Debug */ = {
			isa = XCBuildConfiguration;
			buildSettings = {
				CODE_SIGN_ENTITLEMENTS = "Z-Paste/Z-Paste.entitlements";
				CODE_SIGN_STYLE = Automatic;
				CODE_SIGNING_ALLOWED = NO;
				CODE_SIGNING_REQUIRED = NO;
				COMBINE_HIDPI_IMAGES = YES;
				CURRENT_PROJECT_VERSION = 1;
				DEVELOPMENT_ASSET_PATHS = "";
				ENABLE_PREVIEWS = YES;
				GENERATE_INFOPLIST_FILE = NO;
				INFOPLIST_FILE = "Z-Paste/Info.plist";
				LD_RUNPATH_SEARCH_PATHS = (
					"$(inherited)",
					"@executable_path/../Frameworks",
				);
				MARKETING_VERSION = 1.0;
				PRODUCT_BUNDLE_IDENTIFIER = "com.user.zpaste";
				PRODUCT_MODULE_NAME = Z_Paste;
				PRODUCT_NAME = "$(TARGET_NAME)";
				SWIFT_EMIT_LOC_STRINGS = YES;
				SWIFT_VERSION = 5.0;
			};
			name = Debug;
		};
		6A0000000000000000000503 /* Release */ = {
			isa = XCBuildConfiguration;
			buildSettings = {
				CODE_SIGN_ENTITLEMENTS = "Z-Paste/Z-Paste.entitlements";
				CODE_SIGN_STYLE = Automatic;
				CODE_SIGNING_ALLOWED = NO;
				CODE_SIGNING_REQUIRED = NO;
				COMBINE_HIDPI_IMAGES = YES;
				CURRENT_PROJECT_VERSION = 1;
				DEVELOPMENT_ASSET_PATHS = "";
				ENABLE_PREVIEWS = YES;
				GENERATE_INFOPLIST_FILE = NO;
				INFOPLIST_FILE = "Z-Paste/Info.plist";
				LD_RUNPATH_SEARCH_PATHS = (
					"$(inherited)",
					"@executable_path/../Frameworks",
				);
				MARKETING_VERSION = 1.0;
				PRODUCT_BUNDLE_IDENTIFIER = "com.user.zpaste";
				PRODUCT_MODULE_NAME = Z_Paste;
				PRODUCT_NAME = "$(TARGET_NAME)";
				SWIFT_EMIT_LOC_STRINGS = YES;
				SWIFT_VERSION = 5.0;
			};
			name = Release;
		};
		6A0000000000000000000504 /* Debug */ = {
			isa = XCBuildConfiguration;
			buildSettings = {
				BUNDLE_LOADER = "$(TEST_HOST)";
				CODE_SIGN_STYLE = Automatic;
				CODE_SIGNING_ALLOWED = NO;
				CODE_SIGNING_REQUIRED = NO;
				GENERATE_INFOPLIST_FILE = YES;
				LD_RUNPATH_SEARCH_PATHS = (
					"$(inherited)",
					"@executable_path/../Frameworks",
					"@loader_path/../Frameworks",
				);
				PRODUCT_BUNDLE_IDENTIFIER = "com.user.zpasteTests";
				PRODUCT_NAME = "$(TARGET_NAME)";
				SWIFT_VERSION = 5.0;
				TEST_HOST = "$(BUILT_PRODUCTS_DIR)/Z-Paste.app/Contents/MacOS/Z-Paste";
			};
			name = Debug;
		};
		6A0000000000000000000505 /* Release */ = {
			isa = XCBuildConfiguration;
			buildSettings = {
				BUNDLE_LOADER = "$(TEST_HOST)";
				CODE_SIGN_STYLE = Automatic;
				CODE_SIGNING_ALLOWED = NO;
				CODE_SIGNING_REQUIRED = NO;
				GENERATE_INFOPLIST_FILE = YES;
				LD_RUNPATH_SEARCH_PATHS = (
					"$(inherited)",
					"@executable_path/../Frameworks",
					"@loader_path/../Frameworks",
				);
				PRODUCT_BUNDLE_IDENTIFIER = "com.user.zpasteTests";
				PRODUCT_NAME = "$(TARGET_NAME)";
				SWIFT_VERSION = 5.0;
				TEST_HOST = "$(BUILT_PRODUCTS_DIR)/Z-Paste.app/Contents/MacOS/Z-Paste";
			};
			name = Release;
		};
/* End XCBuildConfiguration section */

/* Begin XCConfigurationList section */
		6A0000000000000000000510 /* Build configuration list for PBXProject "Z-Paste" */ = {
			isa = XCConfigurationList;
			buildConfigurations = (
				6A0000000000000000000500 /* Debug */,
				6A0000000000000000000501 /* Release */,
			);
			defaultConfigurationIsVisible = 0;
			defaultConfigurationName = Release;
		};
		6A0000000000000000000511 /* Build configuration list for PBXNativeTarget "Z-Paste" */ = {
			isa = XCConfigurationList;
			buildConfigurations = (
				6A0000000000000000000502 /* Debug */,
				6A0000000000000000000503 /* Release */,
			);
			defaultConfigurationIsVisible = 0;
			defaultConfigurationName = Release;
		};
		6A0000000000000000000512 /* Build configuration list for PBXNativeTarget "Z-PasteTests" */ = {
			isa = XCConfigurationList;
			buildConfigurations = (
				6A0000000000000000000504 /* Debug */,
				6A0000000000000000000505 /* Release */,
			);
			defaultConfigurationIsVisible = 0;
			defaultConfigurationName = Release;
		};
/* End XCConfigurationList section */

/* Begin XCRemoteSwiftPackageReference section */
		6A0000000000000000000600 /* XCRemoteSwiftPackageReference "GRDB.swift" */ = {
			isa = XCRemoteSwiftPackageReference;
			repositoryURL = "https://github.com/groue/GRDB.swift.git";
			requirement = {
				kind = upToNextMajorVersion;
				minimumVersion = 6.0.0;
			};
		};
		6A0000000000000000000603 /* XCRemoteSwiftPackageReference "KeyboardShortcuts" */ = {
			isa = XCRemoteSwiftPackageReference;
			repositoryURL = "https://github.com/sindresorhus/KeyboardShortcuts.git";
			requirement = {
				kind = upToNextMajorVersion;
				minimumVersion = 2.0.0;
			};
		};
/* End XCRemoteSwiftPackageReference section */

/* Begin XCSwiftPackageProductDependency section */
		6A0000000000000000000601 /* GRDB */ = {
			isa = XCSwiftPackageProductDependency;
			package = 6A0000000000000000000600 /* XCRemoteSwiftPackageReference "GRDB.swift" */;
			productName = GRDB;
		};
		6A0000000000000000000602 /* KeyboardShortcuts */ = {
			isa = XCSwiftPackageProductDependency;
			package = 6A0000000000000000000603 /* XCRemoteSwiftPackageReference "KeyboardShortcuts" */;
			productName = KeyboardShortcuts;
		};
		6A0000000000000000000604 /* GRDB */ = {
			isa = XCSwiftPackageProductDependency;
			package = 6A0000000000000000000600 /* XCRemoteSwiftPackageReference "GRDB.swift" */;
			productName = GRDB;
		};
/* End XCSwiftPackageProductDependency section */

	};
	rootObject = 6A0000000000000000000002 /* Project object */;
}
